
Microsoft Visual Studio Solution File, Format Version 12.00
# Visual Studio Version 16
VisualStudioVersion = 16.0.29519.87
MinimumVisualStudioVersion = 10.0.40219.1
Project("{FAE04EC0-301F-11D3-BF4B-00C04F79EFBC}") = "IntroBotFramework", "IntroBotFramework\IntroBotFramework.csproj", "{73B7CAF7-B0DA-403D-BE3C-F5AE95DFA5C1}"
EndProject
Global
	GlobalSection(SolutionConfigurationPlatforms) = preSolution
		Debug|Any CPU = Debug|Any CPU
		Release|Any CPU = Release|Any CPU
	EndGlobalSection
	GlobalSection(ProjectConfigurationPlatforms) = postSolution
		{73B7CAF7-B0DA-403D-BE3C-F5AE95DFA5C1}.Debug|Any CPU.ActiveCfg = Debug|Any CPU
		{73B7CAF7-B0DA-403D-BE3C-F5AE95DFA5C1}.Debug|Any CPU.Build.0 = Debug|Any CPU
		{73B7CAF7-B0DA-403D-BE3C-F5AE95DFA5C1}.Release|Any CPU.ActiveCfg = Release|Any CPU
		{73B7CAF7-B0DA-403D-BE3C-F5AE95DFA5C1}.Release|Any CPU.Build.0 = Release|Any CPU
	EndGlobalSection
	GlobalSection(SolutionProperties) = preSolution
		HideSolutionNode = FALSE
	EndGlobalSection
	GlobalSection(ExtensibilityGlobals) = postSolution
		SolutionGuid = {A6EF13D1-69A1-4DA5-90C0-E87725AA21B9}
	EndGlobalSection
EndGlobal
