
Microsoft Visual Studio Solution File, Format Version 12.00
# Visual Studio 15
VisualStudioVersion = 15.0.28307.645
MinimumVisualStudioVersion = 10.0.40219.1
Project("{9A19103F-16F7-4668-BE54-9A1E7A4F7556}") = "LatihanWinServices", "LatihanWinServices\LatihanWinServices.csproj", "{3DF305DD-47A7-4E09-9B8E-D2CE617DE79F}"
EndProject
Project("{FAE04EC0-301F-11D3-BF4B-00C04F79EFBC}") = "LatihanWinServiceAndQuartz", "LatihanWinServiceAndQuartz\LatihanWinServiceAndQuartz.csproj", "{B284019B-C1D9-410C-8619-954DFEBF9144}"
EndProject
Global
	GlobalSection(SolutionConfigurationPlatforms) = preSolution
		Debug|Any CPU = Debug|Any CPU
		Release|Any CPU = Release|Any CPU
	EndGlobalSection
	GlobalSection(ProjectConfigurationPlatforms) = postSolution
		{3DF305DD-47A7-4E09-9B8E-D2CE617DE79F}.Debug|Any CPU.ActiveCfg = Debug|Any CPU
		{3DF305DD-47A7-4E09-9B8E-D2CE617DE79F}.Debug|Any CPU.Build.0 = Debug|Any CPU
		{3DF305DD-47A7-4E09-9B8E-D2CE617DE79F}.Release|Any CPU.ActiveCfg = Release|Any CPU
		{3DF305DD-47A7-4E09-9B8E-D2CE617DE79F}.Release|Any CPU.Build.0 = Release|Any CPU
		{B284019B-C1D9-410C-8619-954DFEBF9144}.Debug|Any CPU.ActiveCfg = Debug|Any CPU
		{B284019B-C1D9-410C-8619-954DFEBF9144}.Debug|Any CPU.Build.0 = Debug|Any CPU
		{B284019B-C1D9-410C-8619-954DFEBF9144}.Release|Any CPU.ActiveCfg = Release|Any CPU
		{B284019B-C1D9-410C-8619-954DFEBF9144}.Release|Any CPU.Build.0 = Release|Any CPU
	EndGlobalSection
	GlobalSection(SolutionProperties) = preSolution
		HideSolutionNode = FALSE
	EndGlobalSection
	GlobalSection(ExtensibilityGlobals) = postSolution
		SolutionGuid = {78CD5E41-57F6-4C54-94A0-535AF76990AB}
	EndGlobalSection
EndGlobal
