
Microsoft Visual Studio Solution File, Format Version 12.00
# Visual Studio 14
VisualStudioVersion = 14.0.25420.1
MinimumVisualStudioVersion = 10.0.40219.1
Project("{FAE04EC0-301F-11D3-BF4B-00C04F79EFBC}") = "LatihanListView", "LatihanListView\LatihanListView.csproj", "{C5B5F18F-D1E0-4040-8F8A-A891132E28B3}"
EndProject
Project("{FAE04EC0-301F-11D3-BF4B-00C04F79EFBC}") = "LatihanExpandableListView", "LatihanExpandableListView\LatihanExpandableListView.csproj", "{F986C9A7-998E-4766-813F-9F1ED94A5B9C}"
EndProject
Project("{FAE04EC0-301F-11D3-BF4B-00C04F79EFBC}") = "LatihanCardView", "LatihanCardView\LatihanCardView.csproj", "{C334F543-B67F-4AA9-B887-FF22F4ADC55E}"
EndProject
Project("{FAE04EC0-301F-11D3-BF4B-00C04F79EFBC}") = "LatihanRecyclerView", "LatihanRecyclerView\LatihanRecyclerView.csproj", "{AD147E77-856A-4317-A32C-2C0CB0AEC752}"
EndProject
Global
	GlobalSection(SolutionConfigurationPlatforms) = preSolution
		Debug|Any CPU = Debug|Any CPU
		Release|Any CPU = Release|Any CPU
	EndGlobalSection
	GlobalSection(ProjectConfigurationPlatforms) = postSolution
		{C5B5F18F-D1E0-4040-8F8A-A891132E28B3}.Debug|Any CPU.ActiveCfg = Debug|Any CPU
		{C5B5F18F-D1E0-4040-8F8A-A891132E28B3}.Debug|Any CPU.Build.0 = Debug|Any CPU
		{C5B5F18F-D1E0-4040-8F8A-A891132E28B3}.Debug|Any CPU.Deploy.0 = Debug|Any CPU
		{C5B5F18F-D1E0-4040-8F8A-A891132E28B3}.Release|Any CPU.ActiveCfg = Release|Any CPU
		{C5B5F18F-D1E0-4040-8F8A-A891132E28B3}.Release|Any CPU.Build.0 = Release|Any CPU
		{C5B5F18F-D1E0-4040-8F8A-A891132E28B3}.Release|Any CPU.Deploy.0 = Release|Any CPU
		{F986C9A7-998E-4766-813F-9F1ED94A5B9C}.Debug|Any CPU.ActiveCfg = Debug|Any CPU
		{F986C9A7-998E-4766-813F-9F1ED94A5B9C}.Debug|Any CPU.Build.0 = Debug|Any CPU
		{F986C9A7-998E-4766-813F-9F1ED94A5B9C}.Debug|Any CPU.Deploy.0 = Debug|Any CPU
		{F986C9A7-998E-4766-813F-9F1ED94A5B9C}.Release|Any CPU.ActiveCfg = Release|Any CPU
		{F986C9A7-998E-4766-813F-9F1ED94A5B9C}.Release|Any CPU.Build.0 = Release|Any CPU
		{F986C9A7-998E-4766-813F-9F1ED94A5B9C}.Release|Any CPU.Deploy.0 = Release|Any CPU
		{C334F543-B67F-4AA9-B887-FF22F4ADC55E}.Debug|Any CPU.ActiveCfg = Debug|Any CPU
		{C334F543-B67F-4AA9-B887-FF22F4ADC55E}.Debug|Any CPU.Build.0 = Debug|Any CPU
		{C334F543-B67F-4AA9-B887-FF22F4ADC55E}.Debug|Any CPU.Deploy.0 = Debug|Any CPU
		{C334F543-B67F-4AA9-B887-FF22F4ADC55E}.Release|Any CPU.ActiveCfg = Release|Any CPU
		{C334F543-B67F-4AA9-B887-FF22F4ADC55E}.Release|Any CPU.Build.0 = Release|Any CPU
		{C334F543-B67F-4AA9-B887-FF22F4ADC55E}.Release|Any CPU.Deploy.0 = Release|Any CPU
		{AD147E77-856A-4317-A32C-2C0CB0AEC752}.Debug|Any CPU.ActiveCfg = Debug|Any CPU
		{AD147E77-856A-4317-A32C-2C0CB0AEC752}.Debug|Any CPU.Build.0 = Debug|Any CPU
		{AD147E77-856A-4317-A32C-2C0CB0AEC752}.Debug|Any CPU.Deploy.0 = Debug|Any CPU
		{AD147E77-856A-4317-A32C-2C0CB0AEC752}.Release|Any CPU.ActiveCfg = Release|Any CPU
		{AD147E77-856A-4317-A32C-2C0CB0AEC752}.Release|Any CPU.Build.0 = Release|Any CPU
		{AD147E77-856A-4317-A32C-2C0CB0AEC752}.Release|Any CPU.Deploy.0 = Release|Any CPU
	EndGlobalSection
	GlobalSection(SolutionProperties) = preSolution
		HideSolutionNode = FALSE
	EndGlobalSection
EndGlobal
