
Microsoft Visual Studio Solution File, Format Version 12.00
# Visual Studio Version 17
VisualStudioVersion = 17.10.35122.118
MinimumVisualStudioVersion = 10.0.40219.1
Project("{9A19103F-16F7-4668-BE54-9A1E7A4F7556}") = "Introduction", "Introduction\Introduction.csproj", "{D554A01D-7202-4CBA-851E-969D008821BF}"
EndProject
Project("{9A19103F-16F7-4668-BE54-9A1E7A4F7556}") = "Latihan2", "Latihan2\Latihan2.csproj", "{33EC60AA-F554-4CBE-ABB2-920C1F91B26C}"
EndProject
Project("{9A19103F-16F7-4668-BE54-9A1E7A4F7556}") = "Latihan.Library", "Latihan.Library\Latihan.Library.csproj", "{B25BC6D0-FBE8-4419-8892-BCECC8FD01AF}"
EndProject
Project("{9A19103F-16F7-4668-BE54-9A1E7A4F7556}") = "Latihan3", "Latihan3\Latihan3.csproj", "{A3892FE2-2F4B-49DA-96F6-9056D1821EE2}"
EndProject
Project("{9A19103F-16F7-4668-BE54-9A1E7A4F7556}") = "LatihanBlazorWeb", "LatihanBlazorWeb\LatihanBlazorWeb.csproj", "{F1526FC5-52A2-46F6-86E7-5B3EFD253BDA}"
EndProject
Project("{9A19103F-16F7-4668-BE54-9A1E7A4F7556}") = "Latihan4", "Latihan4\Latihan4.csproj", "{91845D66-0EAB-4473-AD3A-3BCA06BA3DF8}"
EndProject
Project("{9A19103F-16F7-4668-BE54-9A1E7A4F7556}") = "Latihan5", "Latihan5\Latihan5.csproj", "{EDF597B2-0051-45B7-A36B-28B872663916}"
EndProject
Project("{9A19103F-16F7-4668-BE54-9A1E7A4F7556}") = "Latihan.RCL", "Latihan.RCL\Latihan.RCL.csproj", "{A9FC609A-9485-4F13-92F9-87D619D39D54}"
EndProject
Project("{9A19103F-16F7-4668-BE54-9A1E7A4F7556}") = "Latihan6", "Latihan6\Latihan6.csproj", "{24DA9D41-9C71-4D43-AB9C-9D4D57A6CAD7}"
EndProject
Project("{9A19103F-16F7-4668-BE54-9A1E7A4F7556}") = "Latihan.WPF", "Latihan.WPF\Latihan.WPF.csproj", "{85DA9F5D-EB96-442F-B8D4-47A25AB9C38C}"
EndProject
Project("{9A19103F-16F7-4668-BE54-9A1E7A4F7556}") = "Latihan.WindowsForm", "Latihan.WindowsForm\Latihan.WindowsForm.csproj", "{CB2714D6-199C-4CD2-96AD-7624B006E13E}"
EndProject
Global
	GlobalSection(SolutionConfigurationPlatforms) = preSolution
		Debug|Any CPU = Debug|Any CPU
		Release|Any CPU = Release|Any CPU
	EndGlobalSection
	GlobalSection(ProjectConfigurationPlatforms) = postSolution
		{D554A01D-7202-4CBA-851E-969D008821BF}.Debug|Any CPU.ActiveCfg = Debug|Any CPU
		{D554A01D-7202-4CBA-851E-969D008821BF}.Debug|Any CPU.Build.0 = Debug|Any CPU
		{D554A01D-7202-4CBA-851E-969D008821BF}.Debug|Any CPU.Deploy.0 = Debug|Any CPU
		{D554A01D-7202-4CBA-851E-969D008821BF}.Release|Any CPU.ActiveCfg = Release|Any CPU
		{D554A01D-7202-4CBA-851E-969D008821BF}.Release|Any CPU.Build.0 = Release|Any CPU
		{D554A01D-7202-4CBA-851E-969D008821BF}.Release|Any CPU.Deploy.0 = Release|Any CPU
		{33EC60AA-F554-4CBE-ABB2-920C1F91B26C}.Debug|Any CPU.ActiveCfg = Debug|Any CPU
		{33EC60AA-F554-4CBE-ABB2-920C1F91B26C}.Debug|Any CPU.Build.0 = Debug|Any CPU
		{33EC60AA-F554-4CBE-ABB2-920C1F91B26C}.Debug|Any CPU.Deploy.0 = Debug|Any CPU
		{33EC60AA-F554-4CBE-ABB2-920C1F91B26C}.Release|Any CPU.ActiveCfg = Release|Any CPU
		{33EC60AA-F554-4CBE-ABB2-920C1F91B26C}.Release|Any CPU.Build.0 = Release|Any CPU
		{33EC60AA-F554-4CBE-ABB2-920C1F91B26C}.Release|Any CPU.Deploy.0 = Release|Any CPU
		{B25BC6D0-FBE8-4419-8892-BCECC8FD01AF}.Debug|Any CPU.ActiveCfg = Debug|Any CPU
		{B25BC6D0-FBE8-4419-8892-BCECC8FD01AF}.Debug|Any CPU.Build.0 = Debug|Any CPU
		{B25BC6D0-FBE8-4419-8892-BCECC8FD01AF}.Release|Any CPU.ActiveCfg = Release|Any CPU
		{B25BC6D0-FBE8-4419-8892-BCECC8FD01AF}.Release|Any CPU.Build.0 = Release|Any CPU
		{A3892FE2-2F4B-49DA-96F6-9056D1821EE2}.Debug|Any CPU.ActiveCfg = Debug|Any CPU
		{A3892FE2-2F4B-49DA-96F6-9056D1821EE2}.Debug|Any CPU.Build.0 = Debug|Any CPU
		{A3892FE2-2F4B-49DA-96F6-9056D1821EE2}.Debug|Any CPU.Deploy.0 = Debug|Any CPU
		{A3892FE2-2F4B-49DA-96F6-9056D1821EE2}.Release|Any CPU.ActiveCfg = Release|Any CPU
		{A3892FE2-2F4B-49DA-96F6-9056D1821EE2}.Release|Any CPU.Build.0 = Release|Any CPU
		{A3892FE2-2F4B-49DA-96F6-9056D1821EE2}.Release|Any CPU.Deploy.0 = Release|Any CPU
		{F1526FC5-52A2-46F6-86E7-5B3EFD253BDA}.Debug|Any CPU.ActiveCfg = Debug|Any CPU
		{F1526FC5-52A2-46F6-86E7-5B3EFD253BDA}.Debug|Any CPU.Build.0 = Debug|Any CPU
		{F1526FC5-52A2-46F6-86E7-5B3EFD253BDA}.Release|Any CPU.ActiveCfg = Release|Any CPU
		{F1526FC5-52A2-46F6-86E7-5B3EFD253BDA}.Release|Any CPU.Build.0 = Release|Any CPU
		{91845D66-0EAB-4473-AD3A-3BCA06BA3DF8}.Debug|Any CPU.ActiveCfg = Debug|Any CPU
		{91845D66-0EAB-4473-AD3A-3BCA06BA3DF8}.Debug|Any CPU.Build.0 = Debug|Any CPU
		{91845D66-0EAB-4473-AD3A-3BCA06BA3DF8}.Debug|Any CPU.Deploy.0 = Debug|Any CPU
		{91845D66-0EAB-4473-AD3A-3BCA06BA3DF8}.Release|Any CPU.ActiveCfg = Release|Any CPU
		{91845D66-0EAB-4473-AD3A-3BCA06BA3DF8}.Release|Any CPU.Build.0 = Release|Any CPU
		{91845D66-0EAB-4473-AD3A-3BCA06BA3DF8}.Release|Any CPU.Deploy.0 = Release|Any CPU
		{EDF597B2-0051-45B7-A36B-28B872663916}.Debug|Any CPU.ActiveCfg = Debug|Any CPU
		{EDF597B2-0051-45B7-A36B-28B872663916}.Debug|Any CPU.Build.0 = Debug|Any CPU
		{EDF597B2-0051-45B7-A36B-28B872663916}.Debug|Any CPU.Deploy.0 = Debug|Any CPU
		{EDF597B2-0051-45B7-A36B-28B872663916}.Release|Any CPU.ActiveCfg = Release|Any CPU
		{EDF597B2-0051-45B7-A36B-28B872663916}.Release|Any CPU.Build.0 = Release|Any CPU
		{EDF597B2-0051-45B7-A36B-28B872663916}.Release|Any CPU.Deploy.0 = Release|Any CPU
		{A9FC609A-9485-4F13-92F9-87D619D39D54}.Debug|Any CPU.ActiveCfg = Debug|Any CPU
		{A9FC609A-9485-4F13-92F9-87D619D39D54}.Debug|Any CPU.Build.0 = Debug|Any CPU
		{A9FC609A-9485-4F13-92F9-87D619D39D54}.Release|Any CPU.ActiveCfg = Release|Any CPU
		{A9FC609A-9485-4F13-92F9-87D619D39D54}.Release|Any CPU.Build.0 = Release|Any CPU
		{24DA9D41-9C71-4D43-AB9C-9D4D57A6CAD7}.Debug|Any CPU.ActiveCfg = Debug|Any CPU
		{24DA9D41-9C71-4D43-AB9C-9D4D57A6CAD7}.Debug|Any CPU.Build.0 = Debug|Any CPU
		{24DA9D41-9C71-4D43-AB9C-9D4D57A6CAD7}.Debug|Any CPU.Deploy.0 = Debug|Any CPU
		{24DA9D41-9C71-4D43-AB9C-9D4D57A6CAD7}.Release|Any CPU.ActiveCfg = Release|Any CPU
		{24DA9D41-9C71-4D43-AB9C-9D4D57A6CAD7}.Release|Any CPU.Build.0 = Release|Any CPU
		{24DA9D41-9C71-4D43-AB9C-9D4D57A6CAD7}.Release|Any CPU.Deploy.0 = Release|Any CPU
		{85DA9F5D-EB96-442F-B8D4-47A25AB9C38C}.Debug|Any CPU.ActiveCfg = Debug|Any CPU
		{85DA9F5D-EB96-442F-B8D4-47A25AB9C38C}.Debug|Any CPU.Build.0 = Debug|Any CPU
		{85DA9F5D-EB96-442F-B8D4-47A25AB9C38C}.Release|Any CPU.ActiveCfg = Release|Any CPU
		{85DA9F5D-EB96-442F-B8D4-47A25AB9C38C}.Release|Any CPU.Build.0 = Release|Any CPU
		{CB2714D6-199C-4CD2-96AD-7624B006E13E}.Debug|Any CPU.ActiveCfg = Debug|Any CPU
		{CB2714D6-199C-4CD2-96AD-7624B006E13E}.Debug|Any CPU.Build.0 = Debug|Any CPU
		{CB2714D6-199C-4CD2-96AD-7624B006E13E}.Release|Any CPU.ActiveCfg = Release|Any CPU
		{CB2714D6-199C-4CD2-96AD-7624B006E13E}.Release|Any CPU.Build.0 = Release|Any CPU
	EndGlobalSection
	GlobalSection(SolutionProperties) = preSolution
		HideSolutionNode = FALSE
	EndGlobalSection
	GlobalSection(ExtensibilityGlobals) = postSolution
		SolutionGuid = {29BF9E31-4964-447C-B9B0-8B456FC70F22}
	EndGlobalSection
EndGlobal
