
Microsoft Visual Studio Solution File, Format Version 12.00
# Visual Studio Version 16
VisualStudioVersion = 16.0.29519.87
MinimumVisualStudioVersion = 10.0.40219.1
Project("{9A19103F-16F7-4668-BE54-9A1E7A4F7556}") = "LatihanBlazor", "LatihanBlazor\LatihanBlazor.csproj", "{D98EEC7F-D76C-4942-BBFA-3A24BA488801}"
EndProject
Project("{9A19103F-16F7-4668-BE54-9A1E7A4F7556}") = "Blazor_CRUD", "Blazor_CRUD\Blazor_CRUD.csproj", "{D9FBF891-C88D-4FB7-8F62-936AD170556A}"
EndProject
Project("{9A19103F-16F7-4668-BE54-9A1E7A4F7556}") = "Blazor_Component", "Blazor_Component\Blazor_Component.csproj", "{3AE68781-6C76-4211-95B3-4419F265C0BE}"
EndProject
Project("{9A19103F-16F7-4668-BE54-9A1E7A4F7556}") = "BlazorApp_Login", "BlazorApp_Login\BlazorApp_Login.csproj", "{06BF24B4-0A44-4634-990C-1ABAAF888255}"
EndProject
Global
	GlobalSection(SolutionConfigurationPlatforms) = preSolution
		Debug|Any CPU = Debug|Any CPU
		Release|Any CPU = Release|Any CPU
	EndGlobalSection
	GlobalSection(ProjectConfigurationPlatforms) = postSolution
		{D98EEC7F-D76C-4942-BBFA-3A24BA488801}.Debug|Any CPU.ActiveCfg = Debug|Any CPU
		{D98EEC7F-D76C-4942-BBFA-3A24BA488801}.Debug|Any CPU.Build.0 = Debug|Any CPU
		{D98EEC7F-D76C-4942-BBFA-3A24BA488801}.Release|Any CPU.ActiveCfg = Release|Any CPU
		{D98EEC7F-D76C-4942-BBFA-3A24BA488801}.Release|Any CPU.Build.0 = Release|Any CPU
		{D9FBF891-C88D-4FB7-8F62-936AD170556A}.Debug|Any CPU.ActiveCfg = Debug|Any CPU
		{D9FBF891-C88D-4FB7-8F62-936AD170556A}.Debug|Any CPU.Build.0 = Debug|Any CPU
		{D9FBF891-C88D-4FB7-8F62-936AD170556A}.Release|Any CPU.ActiveCfg = Release|Any CPU
		{D9FBF891-C88D-4FB7-8F62-936AD170556A}.Release|Any CPU.Build.0 = Release|Any CPU
		{3AE68781-6C76-4211-95B3-4419F265C0BE}.Debug|Any CPU.ActiveCfg = Debug|Any CPU
		{3AE68781-6C76-4211-95B3-4419F265C0BE}.Debug|Any CPU.Build.0 = Debug|Any CPU
		{3AE68781-6C76-4211-95B3-4419F265C0BE}.Release|Any CPU.ActiveCfg = Release|Any CPU
		{3AE68781-6C76-4211-95B3-4419F265C0BE}.Release|Any CPU.Build.0 = Release|Any CPU
		{06BF24B4-0A44-4634-990C-1ABAAF888255}.Debug|Any CPU.ActiveCfg = Debug|Any CPU
		{06BF24B4-0A44-4634-990C-1ABAAF888255}.Debug|Any CPU.Build.0 = Debug|Any CPU
		{06BF24B4-0A44-4634-990C-1ABAAF888255}.Release|Any CPU.ActiveCfg = Release|Any CPU
		{06BF24B4-0A44-4634-990C-1ABAAF888255}.Release|Any CPU.Build.0 = Release|Any CPU
	EndGlobalSection
	GlobalSection(SolutionProperties) = preSolution
		HideSolutionNode = FALSE
	EndGlobalSection
	GlobalSection(ExtensibilityGlobals) = postSolution
		SolutionGuid = {92C98793-F16B-464C-8FAF-2CE50C9103E9}
	EndGlobalSection
EndGlobal
