
Microsoft Visual Studio Solution File, Format Version 12.00
# Visual Studio Version 17
VisualStudioVersion = 17.2.32526.322
MinimumVisualStudioVersion = 10.0.40219.1
Project("{9A19103F-16F7-4668-BE54-9A1E7A4F7556}") = "LatihanBlazor", "LatihanBlazor\LatihanBlazor.csproj", "{D98EEC7F-D76C-4942-BBFA-3A24BA488801}"
EndProject
Project("{9A19103F-16F7-4668-BE54-9A1E7A4F7556}") = "Blazor_CRUD", "Blazor_CRUD\Blazor_CRUD.csproj", "{D9FBF891-C88D-4FB7-8F62-936AD170556A}"
EndProject
Project("{9A19103F-16F7-4668-BE54-9A1E7A4F7556}") = "Blazor_Component", "Blazor_Component\Blazor_Component.csproj", "{3AE68781-6C76-4211-95B3-4419F265C0BE}"
EndProject
Project("{9A19103F-16F7-4668-BE54-9A1E7A4F7556}") = "BlazorApp_Login", "BlazorApp_Login\BlazorApp_Login.csproj", "{06BF24B4-0A44-4634-990C-1ABAAF888255}"
EndProject
Project("{9A19103F-16F7-4668-BE54-9A1E7A4F7556}") = "BlazorWebApi", "BlazorWebApi\BlazorWebApi.csproj", "{DD684FAA-C232-47CC-8C86-F8A8DAE2433B}"
EndProject
Project("{9A19103F-16F7-4668-BE54-9A1E7A4F7556}") = "Blazor_JavascriptPart1", "Blazor_JavascriptPart1\Blazor_JavascriptPart1.csproj", "{EBC93675-AF0E-4EF2-864F-B53E4E40C705}"
EndProject
Project("{9A19103F-16F7-4668-BE54-9A1E7A4F7556}") = "Blazor_JavascriptPart2", "Blazor_JavascriptPart2\Blazor_JavascriptPart2.csproj", "{5EE7DCAA-5587-4A2C-AB9E-FDC4489A75A5}"
EndProject
Project("{9A19103F-16F7-4668-BE54-9A1E7A4F7556}") = "Blazor_JavascriptPart3", "Blazor_JavascriptPart3\Blazor_JavascriptPart3.csproj", "{31A9C26B-9E60-49D7-9305-DF61ACE90183}"
EndProject
Project("{9A19103F-16F7-4668-BE54-9A1E7A4F7556}") = "Blazor_JavascriptPart4", "Blazor_JavascriptPart4\Blazor_JavascriptPart4.csproj", "{F68627A6-5640-4425-9821-6575B7380C29}"
EndProject
Project("{9A19103F-16F7-4668-BE54-9A1E7A4F7556}") = "Blazor_JavascriptPart5", "Blazor_JavascriptPart5\Blazor_JavascriptPart5.csproj", "{BBDFE2BB-7DD8-4602-86D6-D8CC89FB7A78}"
EndProject
Project("{9A19103F-16F7-4668-BE54-9A1E7A4F7556}") = "Blazor.BrowserStatusLibrary", "Blazor.BrowserStatusLibrary\Blazor.BrowserStatusLibrary.csproj", "{48D30FEA-F487-4329-A2D9-6B478EA2DAE6}"
EndProject
Project("{9A19103F-16F7-4668-BE54-9A1E7A4F7556}") = "MudBlazor.Intro", "MudBlazor.Intro\MudBlazor.Intro.csproj", "{5990A54E-234F-440E-B989-3B3A306F8B32}"
EndProject
Project("{9A19103F-16F7-4668-BE54-9A1E7A4F7556}") = "MudBlazor.Table", "MudBlazor.Table\MudBlazor.Table.csproj", "{E66009AA-6DF4-424D-AEEC-9792134171FE}"
EndProject
Project("{9A19103F-16F7-4668-BE54-9A1E7A4F7556}") = "MudBlazor.Input", "MudBlazor.Input\MudBlazor.Input.csproj", "{71758395-A129-4428-8BBE-C4B338D14A0A}"
EndProject
Project("{FAE04EC0-301F-11D3-BF4B-00C04F79EFBC}") = "MudBlazor.Chart", "MudBlazor.Chart\MudBlazor.Chart.csproj", "{77F24DE7-B0D8-4568-9019-83A48530A837}"
EndProject
Global
	GlobalSection(SolutionConfigurationPlatforms) = preSolution
		Debug|Any CPU = Debug|Any CPU
		Release|Any CPU = Release|Any CPU
	EndGlobalSection
	GlobalSection(ProjectConfigurationPlatforms) = postSolution
		{D98EEC7F-D76C-4942-BBFA-3A24BA488801}.Debug|Any CPU.ActiveCfg = Debug|Any CPU
		{D98EEC7F-D76C-4942-BBFA-3A24BA488801}.Debug|Any CPU.Build.0 = Debug|Any CPU
		{D98EEC7F-D76C-4942-BBFA-3A24BA488801}.Release|Any CPU.ActiveCfg = Release|Any CPU
		{D98EEC7F-D76C-4942-BBFA-3A24BA488801}.Release|Any CPU.Build.0 = Release|Any CPU
		{D9FBF891-C88D-4FB7-8F62-936AD170556A}.Debug|Any CPU.ActiveCfg = Debug|Any CPU
		{D9FBF891-C88D-4FB7-8F62-936AD170556A}.Debug|Any CPU.Build.0 = Debug|Any CPU
		{D9FBF891-C88D-4FB7-8F62-936AD170556A}.Release|Any CPU.ActiveCfg = Release|Any CPU
		{D9FBF891-C88D-4FB7-8F62-936AD170556A}.Release|Any CPU.Build.0 = Release|Any CPU
		{3AE68781-6C76-4211-95B3-4419F265C0BE}.Debug|Any CPU.ActiveCfg = Debug|Any CPU
		{3AE68781-6C76-4211-95B3-4419F265C0BE}.Debug|Any CPU.Build.0 = Debug|Any CPU
		{3AE68781-6C76-4211-95B3-4419F265C0BE}.Release|Any CPU.ActiveCfg = Release|Any CPU
		{3AE68781-6C76-4211-95B3-4419F265C0BE}.Release|Any CPU.Build.0 = Release|Any CPU
		{06BF24B4-0A44-4634-990C-1ABAAF888255}.Debug|Any CPU.ActiveCfg = Debug|Any CPU
		{06BF24B4-0A44-4634-990C-1ABAAF888255}.Debug|Any CPU.Build.0 = Debug|Any CPU
		{06BF24B4-0A44-4634-990C-1ABAAF888255}.Release|Any CPU.ActiveCfg = Release|Any CPU
		{06BF24B4-0A44-4634-990C-1ABAAF888255}.Release|Any CPU.Build.0 = Release|Any CPU
		{DD684FAA-C232-47CC-8C86-F8A8DAE2433B}.Debug|Any CPU.ActiveCfg = Debug|Any CPU
		{DD684FAA-C232-47CC-8C86-F8A8DAE2433B}.Debug|Any CPU.Build.0 = Debug|Any CPU
		{DD684FAA-C232-47CC-8C86-F8A8DAE2433B}.Release|Any CPU.ActiveCfg = Release|Any CPU
		{DD684FAA-C232-47CC-8C86-F8A8DAE2433B}.Release|Any CPU.Build.0 = Release|Any CPU
		{EBC93675-AF0E-4EF2-864F-B53E4E40C705}.Debug|Any CPU.ActiveCfg = Debug|Any CPU
		{EBC93675-AF0E-4EF2-864F-B53E4E40C705}.Debug|Any CPU.Build.0 = Debug|Any CPU
		{EBC93675-AF0E-4EF2-864F-B53E4E40C705}.Release|Any CPU.ActiveCfg = Release|Any CPU
		{EBC93675-AF0E-4EF2-864F-B53E4E40C705}.Release|Any CPU.Build.0 = Release|Any CPU
		{5EE7DCAA-5587-4A2C-AB9E-FDC4489A75A5}.Debug|Any CPU.ActiveCfg = Debug|Any CPU
		{5EE7DCAA-5587-4A2C-AB9E-FDC4489A75A5}.Debug|Any CPU.Build.0 = Debug|Any CPU
		{5EE7DCAA-5587-4A2C-AB9E-FDC4489A75A5}.Release|Any CPU.ActiveCfg = Release|Any CPU
		{5EE7DCAA-5587-4A2C-AB9E-FDC4489A75A5}.Release|Any CPU.Build.0 = Release|Any CPU
		{31A9C26B-9E60-49D7-9305-DF61ACE90183}.Debug|Any CPU.ActiveCfg = Debug|Any CPU
		{31A9C26B-9E60-49D7-9305-DF61ACE90183}.Debug|Any CPU.Build.0 = Debug|Any CPU
		{31A9C26B-9E60-49D7-9305-DF61ACE90183}.Release|Any CPU.ActiveCfg = Release|Any CPU
		{31A9C26B-9E60-49D7-9305-DF61ACE90183}.Release|Any CPU.Build.0 = Release|Any CPU
		{F68627A6-5640-4425-9821-6575B7380C29}.Debug|Any CPU.ActiveCfg = Debug|Any CPU
		{F68627A6-5640-4425-9821-6575B7380C29}.Debug|Any CPU.Build.0 = Debug|Any CPU
		{F68627A6-5640-4425-9821-6575B7380C29}.Release|Any CPU.ActiveCfg = Release|Any CPU
		{F68627A6-5640-4425-9821-6575B7380C29}.Release|Any CPU.Build.0 = Release|Any CPU
		{BBDFE2BB-7DD8-4602-86D6-D8CC89FB7A78}.Debug|Any CPU.ActiveCfg = Debug|Any CPU
		{BBDFE2BB-7DD8-4602-86D6-D8CC89FB7A78}.Debug|Any CPU.Build.0 = Debug|Any CPU
		{BBDFE2BB-7DD8-4602-86D6-D8CC89FB7A78}.Release|Any CPU.ActiveCfg = Release|Any CPU
		{BBDFE2BB-7DD8-4602-86D6-D8CC89FB7A78}.Release|Any CPU.Build.0 = Release|Any CPU
		{48D30FEA-F487-4329-A2D9-6B478EA2DAE6}.Debug|Any CPU.ActiveCfg = Debug|Any CPU
		{48D30FEA-F487-4329-A2D9-6B478EA2DAE6}.Debug|Any CPU.Build.0 = Debug|Any CPU
		{48D30FEA-F487-4329-A2D9-6B478EA2DAE6}.Release|Any CPU.ActiveCfg = Release|Any CPU
		{48D30FEA-F487-4329-A2D9-6B478EA2DAE6}.Release|Any CPU.Build.0 = Release|Any CPU
		{5990A54E-234F-440E-B989-3B3A306F8B32}.Debug|Any CPU.ActiveCfg = Debug|Any CPU
		{5990A54E-234F-440E-B989-3B3A306F8B32}.Debug|Any CPU.Build.0 = Debug|Any CPU
		{5990A54E-234F-440E-B989-3B3A306F8B32}.Release|Any CPU.ActiveCfg = Release|Any CPU
		{5990A54E-234F-440E-B989-3B3A306F8B32}.Release|Any CPU.Build.0 = Release|Any CPU
		{E66009AA-6DF4-424D-AEEC-9792134171FE}.Debug|Any CPU.ActiveCfg = Debug|Any CPU
		{E66009AA-6DF4-424D-AEEC-9792134171FE}.Debug|Any CPU.Build.0 = Debug|Any CPU
		{E66009AA-6DF4-424D-AEEC-9792134171FE}.Release|Any CPU.ActiveCfg = Release|Any CPU
		{E66009AA-6DF4-424D-AEEC-9792134171FE}.Release|Any CPU.Build.0 = Release|Any CPU
		{71758395-A129-4428-8BBE-C4B338D14A0A}.Debug|Any CPU.ActiveCfg = Debug|Any CPU
		{71758395-A129-4428-8BBE-C4B338D14A0A}.Debug|Any CPU.Build.0 = Debug|Any CPU
		{71758395-A129-4428-8BBE-C4B338D14A0A}.Release|Any CPU.ActiveCfg = Release|Any CPU
		{71758395-A129-4428-8BBE-C4B338D14A0A}.Release|Any CPU.Build.0 = Release|Any CPU
		{77F24DE7-B0D8-4568-9019-83A48530A837}.Debug|Any CPU.ActiveCfg = Debug|Any CPU
		{77F24DE7-B0D8-4568-9019-83A48530A837}.Debug|Any CPU.Build.0 = Debug|Any CPU
		{77F24DE7-B0D8-4568-9019-83A48530A837}.Release|Any CPU.ActiveCfg = Release|Any CPU
		{77F24DE7-B0D8-4568-9019-83A48530A837}.Release|Any CPU.Build.0 = Release|Any CPU
	EndGlobalSection
	GlobalSection(SolutionProperties) = preSolution
		HideSolutionNode = FALSE
	EndGlobalSection
	GlobalSection(ExtensibilityGlobals) = postSolution
		SolutionGuid = {92C98793-F16B-464C-8FAF-2CE50C9103E9}
	EndGlobalSection
EndGlobal
